version = 1
revision = 3
requires-python = ">=3.10"

[[package]]
name = "platformdirs"
version = "4.9.6"
source = { registry = "https://pypi.org/simple" }
sdist = { url = "https://files.pythonhosted.org/packages/9f/4a/0883b8e3802965322523f0b200ecf33d31f10991d0401162f4b23c698b42/platformdirs-4.9.6.tar.gz", hash = "sha256:3bfa75b0ad0db84096ae777218481852c0ebc6c727b3168c1b9e0118e458cf0a", size = 29400, upload-time = "2026-04-09T00:04:10.812Z" }
wheels = [
    { url = "https://files.pythonhosted.org/packages/75/a6/a0a304dc33b49145b21f4808d763822111e67d1c3a32b524a1baf947b6e1/platformdirs-4.9.6-py3-none-any.whl", hash = "sha256:e61adb1d5e5cb3441b4b7710bea7e4c12250ca49439228cc1021c00dcfac0917", size = 21348, upload-time = "2026-04-09T00:04:09.463Z" },
]

[[package]]
name = "vernier-coco-val-cache"
version = "0.0.0"
source = { editable = "../coco_val_cache" }

[[package]]
name = "vernier-real-predictions-cache"
version = "0.0.0"
source = { editable = "." }
dependencies = [
    { name = "platformdirs" },
    { name = "vernier-coco-val-cache" },
]

[package.metadata]
requires-dist = [
    { name = "platformdirs", specifier = ">=4" },
    { name = "vernier-coco-val-cache", editable = "../coco_val_cache" },
]
